
Microsoft Visual Studio Solution File, Format Version 12.00
# Visual Studio 2012
Project("{D954291E-2A0B-460D-934E-DC6B0785DB48}") = "blackboard", "blackboard\blackboard.shproj", "{D7A41447-E899-4E0C-B416-E14F96E80C72}"
EndProject
Project("{FAE04EC0-301F-11D3-BF4B-00C04F79EFBC}") = "blackboard.iOS", "iOS\blackboard.iOS.csproj", "{DE9E7882-CB91-4F79-A1AE-280F10135EB9}"
EndProject
Project("{FAE04EC0-301F-11D3-BF4B-00C04F79EFBC}") = "blackboard.Droid", "Droid\blackboard.Droid.csproj", "{2234B95F-E8D7-44ED-88E5-9559A69AEADD}"
EndProject
Global
	GlobalSection(SolutionConfigurationPlatforms) = preSolution
		Debug|iPhoneSimulator = Debug|iPhoneSimulator
		Release|iPhone = Release|iPhone
		Release|iPhoneSimulator = Release|iPhoneSimulator
		Debug|iPhone = Debug|iPhone
		Debug|Any CPU = Debug|Any CPU
		Release|Any CPU = Release|Any CPU
	EndGlobalSection
	GlobalSection(ProjectConfigurationPlatforms) = postSolution
		{DE9E7882-CB91-4F79-A1AE-280F10135EB9}.Debug|iPhoneSimulator.ActiveCfg = Debug|iPhoneSimulator
		{DE9E7882-CB91-4F79-A1AE-280F10135EB9}.Debug|iPhoneSimulator.Build.0 = Debug|iPhoneSimulator
		{DE9E7882-CB91-4F79-A1AE-280F10135EB9}.Release|iPhone.ActiveCfg = Release|iPhone
		{DE9E7882-CB91-4F79-A1AE-280F10135EB9}.Release|iPhone.Build.0 = Release|iPhone
		{DE9E7882-CB91-4F79-A1AE-280F10135EB9}.Release|iPhoneSimulator.ActiveCfg = Release|iPhoneSimulator
		{DE9E7882-CB91-4F79-A1AE-280F10135EB9}.Release|iPhoneSimulator.Build.0 = Release|iPhoneSimulator
		{DE9E7882-CB91-4F79-A1AE-280F10135EB9}.Debug|iPhone.ActiveCfg = Debug|iPhone
		{DE9E7882-CB91-4F79-A1AE-280F10135EB9}.Debug|iPhone.Build.0 = Debug|iPhone
		{DE9E7882-CB91-4F79-A1AE-280F10135EB9}.Debug|Any CPU.ActiveCfg = Debug|iPhoneSimulator
		{DE9E7882-CB91-4F79-A1AE-280F10135EB9}.Debug|Any CPU.Build.0 = Debug|iPhoneSimulator
		{DE9E7882-CB91-4F79-A1AE-280F10135EB9}.Release|Any CPU.ActiveCfg = Release|iPhone
		{DE9E7882-CB91-4F79-A1AE-280F10135EB9}.Release|Any CPU.Build.0 = Release|iPhone
		{2234B95F-E8D7-44ED-88E5-9559A69AEADD}.Debug|iPhoneSimulator.ActiveCfg = Debug|Any CPU
		{2234B95F-E8D7-44ED-88E5-9559A69AEADD}.Debug|iPhoneSimulator.Build.0 = Debug|Any CPU
		{2234B95F-E8D7-44ED-88E5-9559A69AEADD}.Release|iPhone.ActiveCfg = Release|Any CPU
		{2234B95F-E8D7-44ED-88E5-9559A69AEADD}.Release|iPhone.Build.0 = Release|Any CPU
		{2234B95F-E8D7-44ED-88E5-9559A69AEADD}.Release|iPhoneSimulator.ActiveCfg = Release|Any CPU
		{2234B95F-E8D7-44ED-88E5-9559A69AEADD}.Release|iPhoneSimulator.Build.0 = Release|Any CPU
		{2234B95F-E8D7-44ED-88E5-9559A69AEADD}.Debug|iPhone.ActiveCfg = Debug|Any CPU
		{2234B95F-E8D7-44ED-88E5-9559A69AEADD}.Debug|iPhone.Build.0 = Debug|Any CPU
		{2234B95F-E8D7-44ED-88E5-9559A69AEADD}.Debug|Any CPU.ActiveCfg = Debug|Any CPU
		{2234B95F-E8D7-44ED-88E5-9559A69AEADD}.Debug|Any CPU.Build.0 = Debug|Any CPU
		{2234B95F-E8D7-44ED-88E5-9559A69AEADD}.Release|Any CPU.ActiveCfg = Release|Any CPU
		{2234B95F-E8D7-44ED-88E5-9559A69AEADD}.Release|Any CPU.Build.0 = Release|Any CPU
	EndGlobalSection
EndGlobal
